// !$*UTF8*$!
{
	archiveVersion = 1;
	classes = {
	};
	objectVersion = 56;
	objects = {

/* Begin PBXBuildFile section */
		03018F4C2A7291310089C702 /* Play_with_mage.swift in Sources */ = {isa = PBXBuildFile; fileRef = 03018F4B2A7291310089C702 /* Play_with_mage.swift */; };
		03018F4E2A729AC90089C702 /* SelfControl.swift in Sources */ = {isa = PBXBuildFile; fileRef = 03018F4D2A729AC90089C702 /* SelfControl.swift */; };
		032726202A78E7C700E96292 /* filefiel.swift in Sources */ = {isa = PBXBuildFile; fileRef = 0327261F2A78E7C700E96292 /* filefiel.swift */; };
		032726222A7CBD3A00E96292 /* MainView.swift in Sources */ = {isa = PBXBuildFile; fileRef = 032726212A7CBD3A00E96292 /* MainView.swift */; };
		032726242A81068A00E96292 /* Profile.swift in Sources */ = {isa = PBXBuildFile; fileRef = 032726232A81068A00E96292 /* Profile.swift */; };
		032726282A81121300E96292 /* ChairModel.swift in Sources */ = {isa = PBXBuildFile; fileRef = 032726272A81121300E96292 /* ChairModel.swift */; };
		0327262A2A81121C00E96292 /* Item.swift in Sources */ = {isa = PBXBuildFile; fileRef = 032726292A81121C00E96292 /* Item.swift */; };
		0327262C2A84F6EB00E96292 /* USG_CLASS_Prac.swift in Sources */ = {isa = PBXBuildFile; fileRef = 0327262B2A84F6EB00E96292 /* USG_CLASS_Prac.swift */; };
		0327262E2A850BAF00E96292 /* User.swift in Sources */ = {isa = PBXBuildFile; fileRef = 0327262D2A850BAF00E96292 /* User.swift */; };
		032726302A850CB300E96292 /* Store.swift in Sources */ = {isa = PBXBuildFile; fileRef = 0327262F2A850CB300E96292 /* Store.swift */; };
		038B76F629F186D40016522A /* testsApp.swift in Sources */ = {isa = PBXBuildFile; fileRef = 038B76F529F186D40016522A /* testsApp.swift */; };
		038B76F829F186D40016522A /* ContentView.swift in Sources */ = {isa = PBXBuildFile; fileRef = 038B76F729F186D40016522A /* ContentView.swift */; };
		038B76FA29F186D50016522A /* Assets.xcassets in Resources */ = {isa = PBXBuildFile; fileRef = 038B76F929F186D50016522A /* Assets.xcassets */; };
		038B76FE29F186D50016522A /* Preview Assets.xcassets in Resources */ = {isa = PBXBuildFile; fileRef = 038B76FD29F186D50016522A /* Preview Assets.xcassets */; };
		038B770829F186D60016522A /* testsTests.swift in Sources */ = {isa = PBXBuildFile; fileRef = 038B770729F186D60016522A /* testsTests.swift */; };
		038B771229F186D60016522A /* testsUITests.swift in Sources */ = {isa = PBXBuildFile; fileRef = 038B771129F186D60016522A /* testsUITests.swift */; };
		038B771429F186D60016522A /* testsUITestsLaunchTests.swift in Sources */ = {isa = PBXBuildFile; fileRef = 038B771329F186D60016522A /* testsUITestsLaunchTests.swift */; };
		03CECB1A2A8E359A004595E3 /* profileView.swift in Sources */ = {isa = PBXBuildFile; fileRef = 03CECB192A8E359A004595E3 /* profileView.swift */; };
		03CECB1C2A8E3611004595E3 /* TabViews.swift in Sources */ = {isa = PBXBuildFile; fileRef = 03CECB1B2A8E3611004595E3 /* TabViews.swift */; };
		03CECB1E2A8E3675004595E3 /* FavoriteView.swift in Sources */ = {isa = PBXBuildFile; fileRef = 03CECB1D2A8E3675004595E3 /* FavoriteView.swift */; };
		03CFA1BD2A6EA53900E9D5E4 /* USG_Summer_Hello.swift in Sources */ = {isa = PBXBuildFile; fileRef = 03CFA1BC2A6EA53900E9D5E4 /* USG_Summer_Hello.swift */; };
/* End PBXBuildFile section */

/* Begin PBXContainerItemProxy section */
		038B770429F186D60016522A /* PBXContainerItemProxy */ = {
			isa = PBXContainerItemProxy;
			containerPortal = 038B76EA29F186D40016522A /* Project object */;
			proxyType = 1;
			remoteGlobalIDString = 038B76F129F186D40016522A;
			remoteInfo = tests;
		};
		038B770E29F186D60016522A /* PBXContainerItemProxy */ = {
			isa = PBXContainerItemProxy;
			containerPortal = 038B76EA29F186D40016522A /* Project object */;
			proxyType = 1;
			remoteGlobalIDString = 038B76F129F186D40016522A;
			remoteInfo = tests;
		};
/* End PBXContainerItemProxy section */

/* Begin PBXFileReference section */
		03018F4B2A7291310089C702 /* Play_with_mage.swift */ = {isa = PBXFileReference; lastKnownFileType = sourcecode.swift; path = Play_with_mage.swift; sourceTree = "<group>"; };
		03018F4D2A729AC90089C702 /* SelfControl.swift */ = {isa = PBXFileReference; lastKnownFileType = sourcecode.swift; path = SelfControl.swift; sourceTree = "<group>"; };
		0327261F2A78E7C700E96292 /* filefiel.swift */ = {isa = PBXFileReference; lastKnownFileType = sourcecode.swift; path = filefiel.swift; sourceTree = "<group>"; };
		032726212A7CBD3A00E96292 /* MainView.swift */ = {isa = PBXFileReference; lastKnownFileType = sourcecode.swift; path = MainView.swift; sourceTree = "<group>"; };
		032726232A81068A00E96292 /* Profile.swift */ = {isa = PBXFileReference; lastKnownFileType = sourcecode.swift; path = Profile.swift; sourceTree = "<group>"; };
		032726272A81121300E96292 /* ChairModel.swift */ = {isa = PBXFileReference; lastKnownFileType = sourcecode.swift; path = ChairModel.swift; sourceTree = "<group>"; };
		032726292A81121C00E96292 /* Item.swift */ = {isa = PBXFileReference; lastKnownFileType = sourcecode.swift; path = Item.swift; sourceTree = "<group>"; };
		0327262B2A84F6EB00E96292 /* USG_CLASS_Prac.swift */ = {isa = PBXFileReference; lastKnownFileType = sourcecode.swift; path = USG_CLASS_Prac.swift; sourceTree = "<group>"; };
		0327262D2A850BAF00E96292 /* User.swift */ = {isa = PBXFileReference; lastKnownFileType = sourcecode.swift; path = User.swift; sourceTree = "<group>"; };
		0327262F2A850CB300E96292 /* Store.swift */ = {isa = PBXFileReference; lastKnownFileType = sourcecode.swift; path = Store.swift; sourceTree = "<group>"; };
		038B76F229F186D40016522A /* tests.app */ = {isa = PBXFileReference; explicitFileType = wrapper.application; includeInIndex = 0; path = tests.app; sourceTree = BUILT_PRODUCTS_DIR; };
		038B76F529F186D40016522A /* testsApp.swift */ = {isa = PBXFileReference; lastKnownFileType = sourcecode.swift; path = testsApp.swift; sourceTree = "<group>"; };
		038B76F729F186D40016522A /* ContentView.swift */ = {isa = PBXFileReference; lastKnownFileType = sourcecode.swift; path = ContentView.swift; sourceTree = "<group>"; };
		038B76F929F186D50016522A /* Assets.xcassets */ = {isa = PBXFileReference; lastKnownFileType = folder.assetcatalog; path = Assets.xcassets; sourceTree = "<group>"; };
		038B76FB29F186D50016522A /* tests.entitlements */ = {isa = PBXFileReference; lastKnownFileType = text.plist.entitlements; path = tests.entitlements; sourceTree = "<group>"; };
		038B76FD29F186D50016522A /* Preview Assets.xcassets */ = {isa = PBXFileReference; lastKnownFileType = folder.assetcatalog; path = "Preview Assets.xcassets"; sourceTree = "<group>"; };
		038B770329F186D60016522A /* testsTests.xctest */ = {isa = PBXFileReference; explicitFileType = wrapper.cfbundle; includeInIndex = 0; path = testsTests.xctest; sourceTree = BUILT_PRODUCTS_DIR; };
		038B770729F186D60016522A /* testsTests.swift */ = {isa = PBXFileReference; lastKnownFileType = sourcecode.swift; path = testsTests.swift; sourceTree = "<group>"; };
		038B770D29F186D60016522A /* testsUITests.xctest */ = {isa = PBXFileReference; explicitFileType = wrapper.cfbundle; includeInIndex = 0; path = testsUITests.xctest; sourceTree = BUILT_PRODUCTS_DIR; };
		038B771129F186D60016522A /* testsUITests.swift */ = {isa = PBXFileReference; lastKnownFileType = sourcecode.swift; path = testsUITests.swift; sourceTree = "<group>"; };
		038B771329F186D60016522A /* testsUITestsLaunchTests.swift */ = {isa = PBXFileReference; lastKnownFileType = sourcecode.swift; path = testsUITestsLaunchTests.swift; sourceTree = "<group>"; };
		03CECB192A8E359A004595E3 /* profileView.swift */ = {isa = PBXFileReference; lastKnownFileType = sourcecode.swift; path = profileView.swift; sourceTree = "<group>"; };
		03CECB1B2A8E3611004595E3 /* TabViews.swift */ = {isa = PBXFileReference; lastKnownFileType = sourcecode.swift; path = TabViews.swift; sourceTree = "<group>"; };
		03CECB1D2A8E3675004595E3 /* FavoriteView.swift */ = {isa = PBXFileReference; lastKnownFileType = sourcecode.swift; path = FavoriteView.swift; sourceTree = "<group>"; };
		03CFA1BC2A6EA53900E9D5E4 /* USG_Summer_Hello.swift */ = {isa = PBXFileReference; lastKnownFileType = sourcecode.swift; path = USG_Summer_Hello.swift; sourceTree = "<group>"; };
/* End PBXFileReference section */

/* Begin PBXFrameworksBuildPhase section */
		038B76EF29F186D40016522A /* Frameworks */ = {
			isa = PBXFrameworksBuildPhase;
			buildActionMask = 2147483647;
			files = (
			);
			runOnlyForDeploymentPostprocessing = 0;
		};
		038B770029F186D60016522A /* Frameworks */ = {
			isa = PBXFrameworksBuildPhase;
			buildActionMask = 2147483647;
			files = (
			);
			runOnlyForDeploymentPostprocessing = 0;
		};
		038B770A29F186D60016522A /* Frameworks */ = {
			isa = PBXFrameworksBuildPhase;
			buildActionMask = 2147483647;
			files = (
			);
			runOnlyForDeploymentPostprocessing = 0;
		};
/* End PBXFrameworksBuildPhase section */

/* Begin PBXGroup section */
		038B76E929F186D40016522A = {
			isa = PBXGroup;
			children = (
				038B76F429F186D40016522A /* tests */,
				038B770629F186D60016522A /* testsTests */,
				038B771029F186D60016522A /* testsUITests */,
				038B76F329F186D40016522A /* Products */,
			);
			sourceTree = "<group>";
		};
		038B76F329F186D40016522A /* Products */ = {
			isa = PBXGroup;
			children = (
				038B76F229F186D40016522A /* tests.app */,
				038B770329F186D60016522A /* testsTests.xctest */,
				038B770D29F186D60016522A /* testsUITests.xctest */,
			);
			name = Products;
			sourceTree = "<group>";
		};
		038B76F429F186D40016522A /* tests */ = {
			isa = PBXGroup;
			children = (
				038B76F529F186D40016522A /* testsApp.swift */,
				03CFA1BC2A6EA53900E9D5E4 /* USG_Summer_Hello.swift */,
				03018F4B2A7291310089C702 /* Play_with_mage.swift */,
				032726212A7CBD3A00E96292 /* MainView.swift */,
				0327261F2A78E7C700E96292 /* filefiel.swift */,
				038B76F729F186D40016522A /* ContentView.swift */,
				03018F4D2A729AC90089C702 /* SelfControl.swift */,
				032726272A81121300E96292 /* ChairModel.swift */,
				03CECB192A8E359A004595E3 /* profileView.swift */,
				03CECB1D2A8E3675004595E3 /* FavoriteView.swift */,
				03CECB1B2A8E3611004595E3 /* TabViews.swift */,
				032726292A81121C00E96292 /* Item.swift */,
				032726232A81068A00E96292 /* Profile.swift */,
				0327262D2A850BAF00E96292 /* User.swift */,
				0327262F2A850CB300E96292 /* Store.swift */,
				0327262B2A84F6EB00E96292 /* USG_CLASS_Prac.swift */,
				038B76F929F186D50016522A /* Assets.xcassets */,
				038B76FB29F186D50016522A /* tests.entitlements */,
				038B76FC29F186D50016522A /* Preview Content */,
			);
			path = tests;
			sourceTree = "<group>";
		};
		038B76FC29F186D50016522A /* Preview Content */ = {
			isa = PBXGroup;
			children = (
				038B76FD29F186D50016522A /* Preview Assets.xcassets */,
			);
			path = "Preview Content";
			sourceTree = "<group>";
		};
		038B770629F186D60016522A /* testsTests */ = {
			isa = PBXGroup;
			children = (
				038B770729F186D60016522A /* testsTests.swift */,
			);
			path = testsTests;
			sourceTree = "<group>";
		};
		038B771029F186D60016522A /* testsUITests */ = {
			isa = PBXGroup;
			children = (
				038B771129F186D60016522A /* testsUITests.swift */,
				038B771329F186D60016522A /* testsUITestsLaunchTests.swift */,
			);
			path = testsUITests;
			sourceTree = "<group>";
		};
/* End PBXGroup section */

/* Begin PBXNativeTarget section */
		038B76F129F186D40016522A /* tests */ = {
			isa = PBXNativeTarget;
			buildConfigurationList = 038B771729F186D60016522A /* Build configuration list for PBXNativeTarget "tests" */;
			buildPhases = (
				038B76EE29F186D40016522A /* Sources */,
				038B76EF29F186D40016522A /* Frameworks */,
				038B76F029F186D40016522A /* Resources */,
			);
			buildRules = (
			);
			dependencies = (
			);
			name = tests;
			productName = tests;
			productReference = 038B76F229F186D40016522A /* tests.app */;
			productType = "com.apple.product-type.application";
		};
		038B770229F186D60016522A /* testsTests */ = {
			isa = PBXNativeTarget;
			buildConfigurationList = 038B771A29F186D60016522A /* Build configuration list for PBXNativeTarget "testsTests" */;
			buildPhases = (
				038B76FF29F186D60016522A /* Sources */,
				038B770029F186D60016522A /* Frameworks */,
				038B770129F186D60016522A /* Resources */,
			);
			buildRules = (
			);
			dependencies = (
				038B770529F186D60016522A /* PBXTargetDependency */,
			);
			name = testsTests;
			productName = testsTests;
			productReference = 038B770329F186D60016522A /* testsTests.xctest */;
			productType = "com.apple.product-type.bundle.unit-test";
		};
		038B770C29F186D60016522A /* testsUITests */ = {
			isa = PBXNativeTarget;
			buildConfigurationList = 038B771D29F186D60016522A /* Build configuration list for PBXNativeTarget "testsUITests" */;
			buildPhases = (
				038B770929F186D60016522A /* Sources */,
				038B770A29F186D60016522A /* Frameworks */,
				038B770B29F186D60016522A /* Resources */,
			);
			buildRules = (
			);
			dependencies = (
				038B770F29F186D60016522A /* PBXTargetDependency */,
			);
			name = testsUITests;
			productName = testsUITests;
			productReference = 038B770D29F186D60016522A /* testsUITests.xctest */;
			productType = "com.apple.product-type.bundle.ui-testing";
		};
/* End PBXNativeTarget section */

/* Begin PBXProject section */
		038B76EA29F186D40016522A /* Project object */ = {
			isa = PBXProject;
			attributes = {
				BuildIndependentTargetsInParallel = 1;
				LastSwiftUpdateCheck = 1420;
				LastUpgradeCheck = 1420;
				TargetAttributes = {
					038B76F129F186D40016522A = {
						CreatedOnToolsVersion = 14.2;
					};
					038B770229F186D60016522A = {
						CreatedOnToolsVersion = 14.2;
						TestTargetID = 038B76F129F186D40016522A;
					};
					038B770C29F186D60016522A = {
						CreatedOnToolsVersion = 14.2;
						TestTargetID = 038B76F129F186D40016522A;
					};
				};
			};
			buildConfigurationList = 038B76ED29F186D40016522A /* Build configuration list for PBXProject "tests" */;
			compatibilityVersion = "Xcode 14.0";
			developmentRegion = en;
			hasScannedForEncodings = 0;
			knownRegions = (
				en,
				Base,
			);
			mainGroup = 038B76E929F186D40016522A;
			productRefGroup = 038B76F329F186D40016522A /* Products */;
			projectDirPath = "";
			projectRoot = "";
			targets = (
				038B76F129F186D40016522A /* tests */,
				038B770229F186D60016522A /* testsTests */,
				038B770C29F186D60016522A /* testsUITests */,
			);
		};
/* End PBXProject section */

/* Begin PBXResourcesBuildPhase section */
		038B76F029F186D40016522A /* Resources */ = {
			isa = PBXResourcesBuildPhase;
			buildActionMask = 2147483647;
			files = (
				038B76FE29F186D50016522A /* Preview Assets.xcassets in Resources */,
				038B76FA29F186D50016522A /* Assets.xcassets in Resources */,
			);
			runOnlyForDeploymentPostprocessing = 0;
		};
		038B770129F186D60016522A /* Resources */ = {
			isa = PBXResourcesBuildPhase;
			buildActionMask = 2147483647;
			files = (
			);
			runOnlyForDeploymentPostprocessing = 0;
		};
		038B770B29F186D60016522A /* Resources */ = {
			isa = PBXResourcesBuildPhase;
			buildActionMask = 2147483647;
			files = (
			);
			runOnlyForDeploymentPostprocessing = 0;
		};
/* End PBXResourcesBuildPhase section */

/* Begin PBXSourcesBuildPhase section */
		038B76EE29F186D40016522A /* Sources */ = {
			isa = PBXSourcesBuildPhase;
			buildActionMask = 2147483647;
			files = (
				03CECB1A2A8E359A004595E3 /* profileView.swift in Sources */,
				0327262A2A81121C00E96292 /* Item.swift in Sources */,
				038B76F829F186D40016522A /* ContentView.swift in Sources */,
				032726242A81068A00E96292 /* Profile.swift in Sources */,
				0327262C2A84F6EB00E96292 /* USG_CLASS_Prac.swift in Sources */,
				032726222A7CBD3A00E96292 /* MainView.swift in Sources */,
				032726202A78E7C700E96292 /* filefiel.swift in Sources */,
				03018F4C2A7291310089C702 /* Play_with_mage.swift in Sources */,
				03CECB1E2A8E3675004595E3 /* FavoriteView.swift in Sources */,
				032726302A850CB300E96292 /* Store.swift in Sources */,
				03CFA1BD2A6EA53900E9D5E4 /* USG_Summer_Hello.swift in Sources */,
				0327262E2A850BAF00E96292 /* User.swift in Sources */,
				03CECB1C2A8E3611004595E3 /* TabViews.swift in Sources */,
				032726282A81121300E96292 /* ChairModel.swift in Sources */,
				038B76F629F186D40016522A /* testsApp.swift in Sources */,
				03018F4E2A729AC90089C702 /* SelfControl.swift in Sources */,
			);
			runOnlyForDeploymentPostprocessing = 0;
		};
		038B76FF29F186D60016522A /* Sources */ = {
			isa = PBXSourcesBuildPhase;
			buildActionMask = 2147483647;
			files = (
				038B770829F186D60016522A /* testsTests.swift in Sources */,
			);
			runOnlyForDeploymentPostprocessing = 0;
		};
		038B770929F186D60016522A /* Sources */ = {
			isa = PBXSourcesBuildPhase;
			buildActionMask = 2147483647;
			files = (
				038B771429F186D60016522A /* testsUITestsLaunchTests.swift in Sources */,
				038B771229F186D60016522A /* testsUITests.swift in Sources */,
			);
			runOnlyForDeploymentPostprocessing = 0;
		};
/* End PBXSourcesBuildPhase section */

/* Begin PBXTargetDependency section */
		038B770529F186D60016522A /* PBXTargetDependency */ = {
			isa = PBXTargetDependency;
			target = 038B76F129F186D40016522A /* tests */;
			targetProxy = 038B770429F186D60016522A /* PBXContainerItemProxy */;
		};
		038B770F29F186D60016522A /* PBXTargetDependency */ = {
			isa = PBXTargetDependency;
			target = 038B76F129F186D40016522A /* tests */;
			targetProxy = 038B770E29F186D60016522A /* PBXContainerItemProxy */;
		};
/* End PBXTargetDependency section */

/* Begin XCBuildConfiguration section */
		038B771529F186D60016522A /* Debug */ = {
			isa = XCBuildConfiguration;
			buildSettings = {
				ALWAYS_SEARCH_USER_PATHS = NO;
				CLANG_ANALYZER_NONNULL = YES;
				CLANG_ANALYZER_NUMBER_OBJECT_CONVERSION = YES_AGGRESSIVE;
				CLANG_CXX_LANGUAGE_STANDARD = "gnu++20";
				CLANG_ENABLE_MODULES = YES;
				CLANG_ENABLE_OBJC_ARC = YES;
				CLANG_ENABLE_OBJC_WEAK = YES;
				CLANG_WARN_BLOCK_CAPTURE_AUTORELEASING = YES;
				CLANG_WARN_BOOL_CONVERSION = YES;
				CLANG_WARN_COMMA = YES;
				CLANG_WARN_CONSTANT_CONVERSION = YES;
				CLANG_WARN_DEPRECATED_OBJC_IMPLEMENTATIONS = YES;
				CLANG_WARN_DIRECT_OBJC_ISA_USAGE = YES_ERROR;
				CLANG_WARN_DOCUMENTATION_COMMENTS = YES;
				CLANG_WARN_EMPTY_BODY = YES;
				CLANG_WARN_ENUM_CONVERSION = YES;
				CLANG_WARN_INFINITE_RECURSION = YES;
				CLANG_WARN_INT_CONVERSION = YES;
				CLANG_WARN_NON_LITERAL_NULL_CONVERSION = YES;
				CLANG_WARN_OBJC_IMPLICIT_RETAIN_SELF = YES;
				CLANG_WARN_OBJC_LITERAL_CONVERSION = YES;
				CLANG_WARN_OBJC_ROOT_CLASS = YES_ERROR;
				CLANG_WARN_QUOTED_INCLUDE_IN_FRAMEWORK_HEADER = YES;
				CLANG_WARN_RANGE_LOOP_ANALYSIS = YES;
				CLANG_WARN_STRICT_PROTOTYPES = YES;
				CLANG_WARN_SUSPICIOUS_MOVE = YES;
				CLANG_WARN_UNGUARDED_AVAILABILITY = YES_AGGRESSIVE;
				CLANG_WARN_UNREACHABLE_CODE = YES;
				CLANG_WARN__DUPLICATE_METHOD_MATCH = YES;
				COPY_PHASE_STRIP = NO;
				DEBUG_INFORMATION_FORMAT = dwarf;
				ENABLE_STRICT_OBJC_MSGSEND = YES;
				ENABLE_TESTABILITY = YES;
				GCC_C_LANGUAGE_STANDARD = gnu11;
				GCC_DYNAMIC_NO_PIC = NO;
				GCC_NO_COMMON_BLOCKS = YES;
				GCC_OPTIMIZATION_LEVEL = 0;
				GCC_PREPROCESSOR_DEFINITIONS = (
					"DEBUG=1",
					"$(inherited)",
				);
				GCC_WARN_64_TO_32_BIT_CONVERSION = YES;
				GCC_WARN_ABOUT_RETURN_TYPE = YES_ERROR;
				GCC_WARN_UNDECLARED_SELECTOR = YES;
				GCC_WARN_UNINITIALIZED_AUTOS = YES_AGGRESSIVE;
				GCC_WARN_UNUSED_FUNCTION = YES;
				GCC_WARN_UNUSED_VARIABLE = YES;
				MTL_ENABLE_DEBUG_INFO = INCLUDE_SOURCE;
				MTL_FAST_MATH = YES;
				ONLY_ACTIVE_ARCH = YES;
				SWIFT_ACTIVE_COMPILATION_CONDITIONS = DEBUG;
				SWIFT_OPTIMIZATION_LEVEL = "-Onone";
			};
			name = Debug;
		};
		038B771629F186D60016522A /* Release */ = {
			isa = XCBuildConfiguration;
			buildSettings = {
				ALWAYS_SEARCH_USER_PATHS = NO;
				CLANG_ANALYZER_NONNULL = YES;
				CLANG_ANALYZER_NUMBER_OBJECT_CONVERSION = YES_AGGRESSIVE;
				CLANG_CXX_LANGUAGE_STANDARD = "gnu++20";
				CLANG_ENABLE_MODULES = YES;
				CLANG_ENABLE_OBJC_ARC = YES;
				CLANG_ENABLE_OBJC_WEAK = YES;
				CLANG_WARN_BLOCK_CAPTURE_AUTORELEASING = YES;
				CLANG_WARN_BOOL_CONVERSION = YES;
				CLANG_WARN_COMMA = YES;
				CLANG_WARN_CONSTANT_CONVERSION = YES;
				CLANG_WARN_DEPRECATED_OBJC_IMPLEMENTATIONS = YES;
				CLANG_WARN_DIRECT_OBJC_ISA_USAGE = YES_ERROR;
				CLANG_WARN_DOCUMENTATION_COMMENTS = YES;
				CLANG_WARN_EMPTY_BODY = YES;
				CLANG_WARN_ENUM_CONVERSION = YES;
				CLANG_WARN_INFINITE_RECURSION = YES;
				CLANG_WARN_INT_CONVERSION = YES;
				CLANG_WARN_NON_LITERAL_NULL_CONVERSION = YES;
				CLANG_WARN_OBJC_IMPLICIT_RETAIN_SELF = YES;
				CLANG_WARN_OBJC_LITERAL_CONVERSION = YES;
				CLANG_WARN_OBJC_ROOT_CLASS = YES_ERROR;
				CLANG_WARN_QUOTED_INCLUDE_IN_FRAMEWORK_HEADER = YES;
				CLANG_WARN_RANGE_LOOP_ANALYSIS = YES;
				CLANG_WARN_STRICT_PROTOTYPES = YES;
				CLANG_WARN_SUSPICIOUS_MOVE = YES;
				CLANG_WARN_UNGUARDED_AVAILABILITY = YES_AGGRESSIVE;
				CLANG_WARN_UNREACHABLE_CODE = YES;
				CLANG_WARN__DUPLICATE_METHOD_MATCH = YES;
				COPY_PHASE_STRIP = NO;
				DEBUG_INFORMATION_FORMAT = "dwarf-with-dsym";
				ENABLE_NS_ASSERTIONS = NO;
				ENABLE_STRICT_OBJC_MSGSEND = YES;
				GCC_C_LANGUAGE_STANDARD = gnu11;
				GCC_NO_COMMON_BLOCKS = YES;
				GCC_WARN_64_TO_32_BIT_CONVERSION = YES;
				GCC_WARN_ABOUT_RETURN_TYPE = YES_ERROR;
				GCC_WARN_UNDECLARED_SELECTOR = YES;
				GCC_WARN_UNINITIALIZED_AUTOS = YES_AGGRESSIVE;
				GCC_WARN_UNUSED_FUNCTION = YES;
				GCC_WARN_UNUSED_VARIABLE = YES;
				MTL_ENABLE_DEBUG_INFO = NO;
				MTL_FAST_MATH = YES;
				SWIFT_COMPILATION_MODE = wholemodule;
				SWIFT_OPTIMIZATION_LEVEL = "-O";
			};
			name = Release;
		};
		038B771829F186D60016522A /* Debug */ = {
			isa = XCBuildConfiguration;
			buildSettings = {
				ASSETCATALOG_COMPILER_APPICON_NAME = AppIcon;
				ASSETCATALOG_COMPILER_GLOBAL_ACCENT_COLOR_NAME = AccentColor;
				CODE_SIGN_ENTITLEMENTS = tests/tests.entitlements;
				CODE_SIGN_STYLE = Automatic;
				CURRENT_PROJECT_VERSION = 1;
				DEVELOPMENT_ASSET_PATHS = "\"tests/Preview Content\"";
				ENABLE_PREVIEWS = YES;
				GENERATE_INFOPLIST_FILE = YES;
				"INFOPLIST_KEY_UIApplicationSceneManifest_Generation[sdk=iphoneos*]" = YES;
				"INFOPLIST_KEY_UIApplicationSceneManifest_Generation[sdk=iphonesimulator*]" = YES;
				"INFOPLIST_KEY_UIApplicationSupportsIndirectInputEvents[sdk=iphoneos*]" = YES;
				"INFOPLIST_KEY_UIApplicationSupportsIndirectInputEvents[sdk=iphonesimulator*]" = YES;
				"INFOPLIST_KEY_UILaunchScreen_Generation[sdk=iphoneos*]" = YES;
				"INFOPLIST_KEY_UILaunchScreen_Generation[sdk=iphonesimulator*]" = YES;
				"INFOPLIST_KEY_UIStatusBarStyle[sdk=iphoneos*]" = UIStatusBarStyleDefault;
				"INFOPLIST_KEY_UIStatusBarStyle[sdk=iphonesimulator*]" = UIStatusBarStyleDefault;
				INFOPLIST_KEY_UISupportedInterfaceOrientations_iPad = "UIInterfaceOrientationPortrait UIInterfaceOrientationPortraitUpsideDown UIInterfaceOrientationLandscapeLeft UIInterfaceOrientationLandscapeRight";
				INFOPLIST_KEY_UISupportedInterfaceOrientations_iPhone = "UIInterfaceOrientationPortrait UIInterfaceOrientationLandscapeLeft UIInterfaceOrientationLandscapeRight";
				IPHONEOS_DEPLOYMENT_TARGET = 16.2;
				LD_RUNPATH_SEARCH_PATHS = "@executable_path/Frameworks";
				"LD_RUNPATH_SEARCH_PATHS[sdk=macosx*]" = "@executable_path/../Frameworks";
				MACOSX_DEPLOYMENT_TARGET = 13.1;
				MARKETING_VERSION = 1.0;
				PRODUCT_BUNDLE_IDENTIFIER = com.new.dazaba.tests;
				PRODUCT_NAME = "$(TARGET_NAME)";
				SDKROOT = auto;
				SUPPORTED_PLATFORMS = "iphoneos iphonesimulator macosx";
				SWIFT_EMIT_LOC_STRINGS = YES;
				SWIFT_VERSION = 5.0;
				TARGETED_DEVICE_FAMILY = "1,2";
			};
			name = Debug;
		};
		038B771929F186D60016522A /* Release */ = {
			isa = XCBuildConfiguration;
			buildSettings = {
				ASSETCATALOG_COMPILER_APPICON_NAME = AppIcon;
				ASSETCATALOG_COMPILER_GLOBAL_ACCENT_COLOR_NAME = AccentColor;
				CODE_SIGN_ENTITLEMENTS = tests/tests.entitlements;
				CODE_SIGN_STYLE = Automatic;
				CURRENT_PROJECT_VERSION = 1;
				DEVELOPMENT_ASSET_PATHS = "\"tests/Preview Content\"";
				ENABLE_PREVIEWS = YES;
				GENERATE_INFOPLIST_FILE = YES;
				"INFOPLIST_KEY_UIApplicationSceneManifest_Generation[sdk=iphoneos*]" = YES;
				"INFOPLIST_KEY_UIApplicationSceneManifest_Generation[sdk=iphonesimulator*]" = YES;
				"INFOPLIST_KEY_UIApplicationSupportsIndirectInputEvents[sdk=iphoneos*]" = YES;
				"INFOPLIST_KEY_UIApplicationSupportsIndirectInputEvents[sdk=iphonesimulator*]" = YES;
				"INFOPLIST_KEY_UILaunchScreen_Generation[sdk=iphoneos*]" = YES;
				"INFOPLIST_KEY_UILaunchScreen_Generation[sdk=iphonesimulator*]" = YES;
				"INFOPLIST_KEY_UIStatusBarStyle[sdk=iphoneos*]" = UIStatusBarStyleDefault;
				"INFOPLIST_KEY_UIStatusBarStyle[sdk=iphonesimulator*]" = UIStatusBarStyleDefault;
				INFOPLIST_KEY_UISupportedInterfaceOrientations_iPad = "UIInterfaceOrientationPortrait UIInterfaceOrientationPortraitUpsideDown UIInterfaceOrientationLandscapeLeft UIInterfaceOrientationLandscapeRight";
				INFOPLIST_KEY_UISupportedInterfaceOrientations_iPhone = "UIInterfaceOrientationPortrait UIInterfaceOrientationLandscapeLeft UIInterfaceOrientationLandscapeRight";
				IPHONEOS_DEPLOYMENT_TARGET = 16.2;
				LD_RUNPATH_SEARCH_PATHS = "@executable_path/Frameworks";
				"LD_RUNPATH_SEARCH_PATHS[sdk=macosx*]" = "@executable_path/../Frameworks";
				MACOSX_DEPLOYMENT_TARGET = 13.1;
				MARKETING_VERSION = 1.0;
				PRODUCT_BUNDLE_IDENTIFIER = com.new.dazaba.tests;
				PRODUCT_NAME = "$(TARGET_NAME)";
				SDKROOT = auto;
				SUPPORTED_PLATFORMS = "iphoneos iphonesimulator macosx";
				SWIFT_EMIT_LOC_STRINGS = YES;
				SWIFT_VERSION = 5.0;
				TARGETED_DEVICE_FAMILY = "1,2";
			};
			name = Release;
		};
		038B771B29F186D60016522A /* Debug */ = {
			isa = XCBuildConfiguration;
			buildSettings = {
				ALWAYS_EMBED_SWIFT_STANDARD_LIBRARIES = YES;
				BUNDLE_LOADER = "$(TEST_HOST)";
				CODE_SIGN_STYLE = Automatic;
				CURRENT_PROJECT_VERSION = 1;
				GENERATE_INFOPLIST_FILE = YES;
				IPHONEOS_DEPLOYMENT_TARGET = 16.2;
				MACOSX_DEPLOYMENT_TARGET = 13.1;
				MARKETING_VERSION = 1.0;
				PRODUCT_BUNDLE_IDENTIFIER = com.new.dazaba.testsTests;
				PRODUCT_NAME = "$(TARGET_NAME)";
				SDKROOT = auto;
				SUPPORTED_PLATFORMS = "iphoneos iphonesimulator macosx";
				SWIFT_EMIT_LOC_STRINGS = NO;
				SWIFT_VERSION = 5.0;
				TARGETED_DEVICE_FAMILY = "1,2";
				TEST_HOST = "$(BUILT_PRODUCTS_DIR)/tests.app/$(BUNDLE_EXECUTABLE_FOLDER_PATH)/tests";
			};
			name = Debug;
		};
		038B771C29F186D60016522A /* Release */ = {
			isa = XCBuildConfiguration;
			buildSettings = {
				ALWAYS_EMBED_SWIFT_STANDARD_LIBRARIES = YES;
				BUNDLE_LOADER = "$(TEST_HOST)";
				CODE_SIGN_STYLE = Automatic;
				CURRENT_PROJECT_VERSION = 1;
				GENERATE_INFOPLIST_FILE = YES;
				IPHONEOS_DEPLOYMENT_TARGET = 16.2;
				MACOSX_DEPLOYMENT_TARGET = 13.1;
				MARKETING_VERSION = 1.0;
				PRODUCT_BUNDLE_IDENTIFIER = com.new.dazaba.testsTests;
				PRODUCT_NAME = "$(TARGET_NAME)";
				SDKROOT = auto;
				SUPPORTED_PLATFORMS = "iphoneos iphonesimulator macosx";
				SWIFT_EMIT_LOC_STRINGS = NO;
				SWIFT_VERSION = 5.0;
				TARGETED_DEVICE_FAMILY = "1,2";
				TEST_HOST = "$(BUILT_PRODUCTS_DIR)/tests.app/$(BUNDLE_EXECUTABLE_FOLDER_PATH)/tests";
			};
			name = Release;
		};
		038B771E29F186D60016522A /* Debug */ = {
			isa = XCBuildConfiguration;
			buildSettings = {
				ALWAYS_EMBED_SWIFT_STANDARD_LIBRARIES = YES;
				CODE_SIGN_STYLE = Automatic;
				CURRENT_PROJECT_VERSION = 1;
				GENERATE_INFOPLIST_FILE = YES;
				IPHONEOS_DEPLOYMENT_TARGET = 16.2;
				MACOSX_DEPLOYMENT_TARGET = 13.1;
				MARKETING_VERSION = 1.0;
				PRODUCT_BUNDLE_IDENTIFIER = com.new.dazaba.testsUITests;
				PRODUCT_NAME = "$(TARGET_NAME)";
				SDKROOT = auto;
				SUPPORTED_PLATFORMS = "iphoneos iphonesimulator macosx";
				SWIFT_EMIT_LOC_STRINGS = NO;
				SWIFT_VERSION = 5.0;
				TARGETED_DEVICE_FAMILY = "1,2";
				TEST_TARGET_NAME = tests;
			};
			name = Debug;
		};
		038B771F29F186D60016522A /* Release */ = {
			isa = XCBuildConfiguration;
			buildSettings = {
				ALWAYS_EMBED_SWIFT_STANDARD_LIBRARIES = YES;
				CODE_SIGN_STYLE = Automatic;
				CURRENT_PROJECT_VERSION = 1;
				GENERATE_INFOPLIST_FILE = YES;
				IPHONEOS_DEPLOYMENT_TARGET = 16.2;
				MACOSX_DEPLOYMENT_TARGET = 13.1;
				MARKETING_VERSION = 1.0;
				PRODUCT_BUNDLE_IDENTIFIER = com.new.dazaba.testsUITests;
				PRODUCT_NAME = "$(TARGET_NAME)";
				SDKROOT = auto;
				SUPPORTED_PLATFORMS = "iphoneos iphonesimulator macosx";
				SWIFT_EMIT_LOC_STRINGS = NO;
				SWIFT_VERSION = 5.0;
				TARGETED_DEVICE_FAMILY = "1,2";
				TEST_TARGET_NAME = tests;
			};
			name = Release;
		};
/* End XCBuildConfiguration section */

/* Begin XCConfigurationList section */
		038B76ED29F186D40016522A /* Build configuration list for PBXProject "tests" */ = {
			isa = XCConfigurationList;
			buildConfigurations = (
				038B771529F186D60016522A /* Debug */,
				038B771629F186D60016522A /* Release */,
			);
			defaultConfigurationIsVisible = 0;
			defaultConfigurationName = Release;
		};
		038B771729F186D60016522A /* Build configuration list for PBXNativeTarget "tests" */ = {
			isa = XCConfigurationList;
			buildConfigurations = (
				038B771829F186D60016522A /* Debug */,
				038B771929F186D60016522A /* Release */,
			);
			defaultConfigurationIsVisible = 0;
			defaultConfigurationName = Release;
		};
		038B771A29F186D60016522A /* Build configuration list for PBXNativeTarget "testsTests" */ = {
			isa = XCConfigurationList;
			buildConfigurations = (
				038B771B29F186D60016522A /* Debug */,
				038B771C29F186D60016522A /* Release */,
			);
			defaultConfigurationIsVisible = 0;
			defaultConfigurationName = Release;
		};
		038B771D29F186D60016522A /* Build configuration list for PBXNativeTarget "testsUITests" */ = {
			isa = XCConfigurationList;
			buildConfigurations = (
				038B771E29F186D60016522A /* Debug */,
				038B771F29F186D60016522A /* Release */,
			);
			defaultConfigurationIsVisible = 0;
			defaultConfigurationName = Release;
		};
/* End XCConfigurationList section */
	};
	rootObject = 038B76EA29F186D40016522A /* Project object */;
}
